// !$*UTF8*$!
{
	archiveVersion = 1;
	classes = {
	};
	objectVersion = 55;
	objects = {

/* Begin PBXBuildFile section */
		1D49FFC8296C5CDA009017F3 /* AppDelegate.swift in Sources */ = {isa = PBXBuildFile; fileRef = 1D49FFC7296C5CDA009017F3 /* AppDelegate.swift */; };
		1D49FFCA296C5CDA009017F3 /* SceneDelegate.swift in Sources */ = {isa = PBXBuildFile; fileRef = 1D49FFC9296C5CDA009017F3 /* SceneDelegate.swift */; };
		1D49FFCC296C5CDA009017F3 /* ImagesListViewController.swift in Sources */ = {isa = PBXBuildFile; fileRef = 1D49FFCB296C5CDA009017F3 /* ImagesListViewController.swift */; };
		1D49FFCF296C5CDA009017F3 /* Main.storyboard in Resources */ = {isa = PBXBuildFile; fileRef = 1D49FFCD296C5CDA009017F3 /* Main.storyboard */; };
		1D49FFD1296C5CDB009017F3 /* Assets.xcassets in Resources */ = {isa = PBXBuildFile; fileRef = 1D49FFD0296C5CDB009017F3 /* Assets.xcassets */; };
		1D49FFD4296C5CDB009017F3 /* LaunchScreen.storyboard in Resources */ = {isa = PBXBuildFile; fileRef = 1D49FFD2296C5CDB009017F3 /* LaunchScreen.storyboard */; };
		1D903A3529756F0400D368F7 /* ImagesListCell.swift in Sources */ = {isa = PBXBuildFile; fileRef = 1D903A3429756F0400D368F7 /* ImagesListCell.swift */; };
		1D903A38297ADE6900D368F7 /* ProfileViewController.swift in Sources */ = {isa = PBXBuildFile; fileRef = 1D903A37297ADE6900D368F7 /* ProfileViewController.swift */; };
		1D903A3A297D73B100D368F7 /* SingleImageViewController.swift in Sources */ = {isa = PBXBuildFile; fileRef = 1D903A39297D73B100D368F7 /* SingleImageViewController.swift */; };
		1D903A3C2996D5C000D368F7 /* UIColor + Extenstion.swift in Sources */ = {isa = PBXBuildFile; fileRef = 1D903A3B2996D5C000D368F7 /* UIColor + Extenstion.swift */; };
		1D903A3E299AF4AF00D368F7 /* Constants.swift in Sources */ = {isa = PBXBuildFile; fileRef = 1D903A3D299AF4AF00D368F7 /* Constants.swift */; };
		1D903A40299BB23E00D368F7 /* AuthViewController.swift in Sources */ = {isa = PBXBuildFile; fileRef = 1D903A3F299BB23E00D368F7 /* AuthViewController.swift */; };
		1D903A43299BBBFF00D368F7 /* WebViewViewController.swift in Sources */ = {isa = PBXBuildFile; fileRef = 1D903A42299BBBFF00D368F7 /* WebViewViewController.swift */; };
		1D903A45299BC72200D368F7 /* WebViewViewControllerDelegate.swift in Sources */ = {isa = PBXBuildFile; fileRef = 1D903A44299BC72200D368F7 /* WebViewViewControllerDelegate.swift */; };
		1D903A47299C031100D368F7 /* OAuthTokenResponseBody.swift in Sources */ = {isa = PBXBuildFile; fileRef = 1D903A46299C031100D368F7 /* OAuthTokenResponseBody.swift */; };
		1D903A49299C065800D368F7 /* OAuth2Service.swift in Sources */ = {isa = PBXBuildFile; fileRef = 1D903A48299C065800D368F7 /* OAuth2Service.swift */; };
		1D903A4B29A0FB9E00D368F7 /* URLRequest + Extenstion.swift in Sources */ = {isa = PBXBuildFile; fileRef = 1D903A4A29A0FB9E00D368F7 /* URLRequest + Extenstion.swift */; };
		1D903A4D29A0FDB200D368F7 /* OAuth2ServiceProtocol.swift in Sources */ = {isa = PBXBuildFile; fileRef = 1D903A4C29A0FDB200D368F7 /* OAuth2ServiceProtocol.swift */; };
		1D903A4F29A100D100D368F7 /* OAuth2TokenStorage.swift in Sources */ = {isa = PBXBuildFile; fileRef = 1D903A4E29A100D100D368F7 /* OAuth2TokenStorage.swift */; };
		1D903A5129A12A4300D368F7 /* SplashViewController.swift in Sources */ = {isa = PBXBuildFile; fileRef = 1D903A5029A12A4300D368F7 /* SplashViewController.swift */; };
		1D903A5329A12C2800D368F7 /* AuthViewControllerDelegate.swift in Sources */ = {isa = PBXBuildFile; fileRef = 1D903A5229A12C2800D368F7 /* AuthViewControllerDelegate.swift */; };
		1D903A5529A2B42100D368F7 /* URLSession + Extension.swift in Sources */ = {isa = PBXBuildFile; fileRef = 1D903A5429A2B42100D368F7 /* URLSession + Extension.swift */; };
/* End PBXBuildFile section */

/* Begin PBXFileReference section */
		1D49FFC4296C5CDA009017F3 /* ImageFeed.app */ = {isa = PBXFileReference; explicitFileType = wrapper.application; includeInIndex = 0; path = ImageFeed.app; sourceTree = BUILT_PRODUCTS_DIR; };
		1D49FFC7296C5CDA009017F3 /* AppDelegate.swift */ = {isa = PBXFileReference; lastKnownFileType = sourcecode.swift; path = AppDelegate.swift; sourceTree = "<group>"; };
		1D49FFC9296C5CDA009017F3 /* SceneDelegate.swift */ = {isa = PBXFileReference; lastKnownFileType = sourcecode.swift; path = SceneDelegate.swift; sourceTree = "<group>"; };
		1D49FFCB296C5CDA009017F3 /* ImagesListViewController.swift */ = {isa = PBXFileReference; lastKnownFileType = sourcecode.swift; path = ImagesListViewController.swift; sourceTree = "<group>"; };
		1D49FFCE296C5CDA009017F3 /* Base */ = {isa = PBXFileReference; lastKnownFileType = file.storyboard; name = Base; path = Base.lproj/Main.storyboard; sourceTree = "<group>"; };
		1D49FFD0296C5CDB009017F3 /* Assets.xcassets */ = {isa = PBXFileReference; lastKnownFileType = folder.assetcatalog; path = Assets.xcassets; sourceTree = "<group>"; };
		1D49FFD3296C5CDB009017F3 /* Base */ = {isa = PBXFileReference; lastKnownFileType = file.storyboard; name = Base; path = Base.lproj/LaunchScreen.storyboard; sourceTree = "<group>"; };
		1D49FFD5296C5CDB009017F3 /* Info.plist */ = {isa = PBXFileReference; lastKnownFileType = text.plist.xml; path = Info.plist; sourceTree = "<group>"; };
		1D903A3429756F0400D368F7 /* ImagesListCell.swift */ = {isa = PBXFileReference; lastKnownFileType = sourcecode.swift; path = ImagesListCell.swift; sourceTree = "<group>"; };
		1D903A37297ADE6900D368F7 /* ProfileViewController.swift */ = {isa = PBXFileReference; lastKnownFileType = sourcecode.swift; path = ProfileViewController.swift; sourceTree = "<group>"; };
		1D903A39297D73B100D368F7 /* SingleImageViewController.swift */ = {isa = PBXFileReference; lastKnownFileType = sourcecode.swift; path = SingleImageViewController.swift; sourceTree = "<group>"; };
		1D903A3B2996D5C000D368F7 /* UIColor + Extenstion.swift */ = {isa = PBXFileReference; lastKnownFileType = sourcecode.swift; path = "UIColor + Extenstion.swift"; sourceTree = "<group>"; };
		1D903A3D299AF4AF00D368F7 /* Constants.swift */ = {isa = PBXFileReference; lastKnownFileType = sourcecode.swift; path = Constants.swift; sourceTree = "<group>"; };
		1D903A3F299BB23E00D368F7 /* AuthViewController.swift */ = {isa = PBXFileReference; lastKnownFileType = sourcecode.swift; path = AuthViewController.swift; sourceTree = "<group>"; };
		1D903A42299BBBFF00D368F7 /* WebViewViewController.swift */ = {isa = PBXFileReference; lastKnownFileType = sourcecode.swift; path = WebViewViewController.swift; sourceTree = "<group>"; };
		1D903A44299BC72200D368F7 /* WebViewViewControllerDelegate.swift */ = {isa = PBXFileReference; lastKnownFileType = sourcecode.swift; path = WebViewViewControllerDelegate.swift; sourceTree = "<group>"; };
		1D903A46299C031100D368F7 /* OAuthTokenResponseBody.swift */ = {isa = PBXFileReference; lastKnownFileType = sourcecode.swift; path = OAuthTokenResponseBody.swift; sourceTree = "<group>"; };
		1D903A48299C065800D368F7 /* OAuth2Service.swift */ = {isa = PBXFileReference; lastKnownFileType = sourcecode.swift; path = OAuth2Service.swift; sourceTree = "<group>"; };
		1D903A4A29A0FB9E00D368F7 /* URLRequest + Extenstion.swift */ = {isa = PBXFileReference; lastKnownFileType = sourcecode.swift; path = "URLRequest + Extenstion.swift"; sourceTree = "<group>"; };
		1D903A4C29A0FDB200D368F7 /* OAuth2ServiceProtocol.swift */ = {isa = PBXFileReference; lastKnownFileType = sourcecode.swift; path = OAuth2ServiceProtocol.swift; sourceTree = "<group>"; };
		1D903A4E29A100D100D368F7 /* OAuth2TokenStorage.swift */ = {isa = PBXFileReference; lastKnownFileType = sourcecode.swift; path = OAuth2TokenStorage.swift; sourceTree = "<group>"; };
		1D903A5029A12A4300D368F7 /* SplashViewController.swift */ = {isa = PBXFileReference; lastKnownFileType = sourcecode.swift; path = SplashViewController.swift; sourceTree = "<group>"; };
		1D903A5229A12C2800D368F7 /* AuthViewControllerDelegate.swift */ = {isa = PBXFileReference; lastKnownFileType = sourcecode.swift; path = AuthViewControllerDelegate.swift; sourceTree = "<group>"; };
		1D903A5429A2B42100D368F7 /* URLSession + Extension.swift */ = {isa = PBXFileReference; lastKnownFileType = sourcecode.swift; path = "URLSession + Extension.swift"; sourceTree = "<group>"; };
/* End PBXFileReference section */

/* Begin PBXFrameworksBuildPhase section */
		1D49FFC1296C5CDA009017F3 /* Frameworks */ = {
			isa = PBXFrameworksBuildPhase;
			buildActionMask = 2147483647;
			files = (
			);
			runOnlyForDeploymentPostprocessing = 0;
		};
/* End PBXFrameworksBuildPhase section */

/* Begin PBXGroup section */
		1D49FFBB296C5CDA009017F3 = {
			isa = PBXGroup;
			children = (
				1D49FFC6296C5CDA009017F3 /* ImageFeed */,
				1D49FFC5296C5CDA009017F3 /* Products */,
			);
			sourceTree = "<group>";
		};
		1D49FFC5296C5CDA009017F3 /* Products */ = {
			isa = PBXGroup;
			children = (
				1D49FFC4296C5CDA009017F3 /* ImageFeed.app */,
			);
			name = Products;
			sourceTree = "<group>";
		};
		1D49FFC6296C5CDA009017F3 /* ImageFeed */ = {
			isa = PBXGroup;
			children = (
				1D49FFC7296C5CDA009017F3 /* AppDelegate.swift */,
				1D49FFC9296C5CDA009017F3 /* SceneDelegate.swift */,
				1D903A3D299AF4AF00D368F7 /* Constants.swift */,
				1D903A5B29A2CDA600D368F7 /* SplashVC */,
				1D903A5629A2CCDC00D368F7 /* ServiceAccessLayer */,
				1D903A41299BBB5700D368F7 /* Auth */,
				1D903A5A29A2CD3D00D368F7 /* SingleImageView */,
				1D903A5829A2CD0400D368F7 /* Profile */,
				1D903A3629756F3A00D368F7 /* ImagesList */,
				1D903A5929A2CD2300D368F7 /* Helpers */,
				1D49FFCD296C5CDA009017F3 /* Main.storyboard */,
				1D49FFD0296C5CDB009017F3 /* Assets.xcassets */,
				1D49FFD2296C5CDB009017F3 /* LaunchScreen.storyboard */,
				1D49FFD5296C5CDB009017F3 /* Info.plist */,
			);
			path = ImageFeed;
			sourceTree = "<group>";
		};
		1D903A3629756F3A00D368F7 /* ImagesList */ = {
			isa = PBXGroup;
			children = (
				1D49FFCB296C5CDA009017F3 /* ImagesListViewController.swift */,
				1D903A3429756F0400D368F7 /* ImagesListCell.swift */,
			);
			path = ImagesList;
			sourceTree = "<group>";
		};
		1D903A41299BBB5700D368F7 /* Auth */ = {
			isa = PBXGroup;
			children = (
				1D903A3F299BB23E00D368F7 /* AuthViewController.swift */,
				1D903A5229A12C2800D368F7 /* AuthViewControllerDelegate.swift */,
				1D903A42299BBBFF00D368F7 /* WebViewViewController.swift */,
				1D903A44299BC72200D368F7 /* WebViewViewControllerDelegate.swift */,
			);
			path = Auth;
			sourceTree = "<group>";
		};
		1D903A5629A2CCDC00D368F7 /* ServiceAccessLayer */ = {
			isa = PBXGroup;
			children = (
				1D903A5729A2CCE200D368F7 /* OAuth */,
			);
			path = ServiceAccessLayer;
			sourceTree = "<group>";
		};
		1D903A5729A2CCE200D368F7 /* OAuth */ = {
			isa = PBXGroup;
			children = (
				1D903A46299C031100D368F7 /* OAuthTokenResponseBody.swift */,
				1D903A4C29A0FDB200D368F7 /* OAuth2ServiceProtocol.swift */,
				1D903A48299C065800D368F7 /* OAuth2Service.swift */,
				1D903A4E29A100D100D368F7 /* OAuth2TokenStorage.swift */,
			);
			path = OAuth;
			sourceTree = "<group>";
		};
		1D903A5829A2CD0400D368F7 /* Profile */ = {
			isa = PBXGroup;
			children = (
				1D903A37297ADE6900D368F7 /* ProfileViewController.swift */,
			);
			path = Profile;
			sourceTree = "<group>";
		};
		1D903A5929A2CD2300D368F7 /* Helpers */ = {
			isa = PBXGroup;
			children = (
				1D903A5429A2B42100D368F7 /* URLSession + Extension.swift */,
				1D903A3B2996D5C000D368F7 /* UIColor + Extenstion.swift */,
				1D903A4A29A0FB9E00D368F7 /* URLRequest + Extenstion.swift */,
			);
			path = Helpers;
			sourceTree = "<group>";
		};
		1D903A5A29A2CD3D00D368F7 /* SingleImageView */ = {
			isa = PBXGroup;
			children = (
				1D903A39297D73B100D368F7 /* SingleImageViewController.swift */,
			);
			path = SingleImageView;
			sourceTree = "<group>";
		};
		1D903A5B29A2CDA600D368F7 /* SplashVC */ = {
			isa = PBXGroup;
			children = (
				1D903A5029A12A4300D368F7 /* SplashViewController.swift */,
			);
			path = SplashVC;
			sourceTree = "<group>";
		};
/* End PBXGroup section */

/* Begin PBXNativeTarget section */
		1D49FFC3296C5CDA009017F3 /* ImageFeed */ = {
			isa = PBXNativeTarget;
			buildConfigurationList = 1D49FFD8296C5CDB009017F3 /* Build configuration list for PBXNativeTarget "ImageFeed" */;
			buildPhases = (
				1D49FFC0296C5CDA009017F3 /* Sources */,
				1D49FFC1296C5CDA009017F3 /* Frameworks */,
				1D49FFC2296C5CDA009017F3 /* Resources */,
			);
			buildRules = (
			);
			dependencies = (
			);
			name = ImageFeed;
			productName = ImageFeed;
			productReference = 1D49FFC4296C5CDA009017F3 /* ImageFeed.app */;
			productType = "com.apple.product-type.application";
		};
/* End PBXNativeTarget section */

/* Begin PBXProject section */
		1D49FFBC296C5CDA009017F3 /* Project object */ = {
			isa = PBXProject;
			attributes = {
				BuildIndependentTargetsInParallel = 1;
				LastSwiftUpdateCheck = 1340;
				LastUpgradeCheck = 1340;
				TargetAttributes = {
					1D49FFC3296C5CDA009017F3 = {
						CreatedOnToolsVersion = 13.4.1;
					};
				};
			};
			buildConfigurationList = 1D49FFBF296C5CDA009017F3 /* Build configuration list for PBXProject "ImageFeed" */;
			compatibilityVersion = "Xcode 13.0";
			developmentRegion = en;
			hasScannedForEncodings = 0;
			knownRegions = (
				en,
				Base,
			);
			mainGroup = 1D49FFBB296C5CDA009017F3;
			productRefGroup = 1D49FFC5296C5CDA009017F3 /* Products */;
			projectDirPath = "";
			projectRoot = "";
			targets = (
				1D49FFC3296C5CDA009017F3 /* ImageFeed */,
			);
		};
/* End PBXProject section */

/* Begin PBXResourcesBuildPhase section */
		1D49FFC2296C5CDA009017F3 /* Resources */ = {
			isa = PBXResourcesBuildPhase;
			buildActionMask = 2147483647;
			files = (
				1D49FFD4296C5CDB009017F3 /* LaunchScreen.storyboard in Resources */,
				1D49FFD1296C5CDB009017F3 /* Assets.xcassets in Resources */,
				1D49FFCF296C5CDA009017F3 /* Main.storyboard in Resources */,
			);
			runOnlyForDeploymentPostprocessing = 0;
		};
/* End PBXResourcesBuildPhase section */

/* Begin PBXSourcesBuildPhase section */
		1D49FFC0296C5CDA009017F3 /* Sources */ = {
			isa = PBXSourcesBuildPhase;
			buildActionMask = 2147483647;
			files = (
				1D903A43299BBBFF00D368F7 /* WebViewViewController.swift in Sources */,
				1D49FFCC296C5CDA009017F3 /* ImagesListViewController.swift in Sources */,
				1D903A5529A2B42100D368F7 /* URLSession + Extension.swift in Sources */,
				1D903A4D29A0FDB200D368F7 /* OAuth2ServiceProtocol.swift in Sources */,
				1D903A5129A12A4300D368F7 /* SplashViewController.swift in Sources */,
				1D903A49299C065800D368F7 /* OAuth2Service.swift in Sources */,
				1D903A47299C031100D368F7 /* OAuthTokenResponseBody.swift in Sources */,
				1D903A5329A12C2800D368F7 /* AuthViewControllerDelegate.swift in Sources */,
				1D903A3C2996D5C000D368F7 /* UIColor + Extenstion.swift in Sources */,
				1D903A3529756F0400D368F7 /* ImagesListCell.swift in Sources */,
				1D903A38297ADE6900D368F7 /* ProfileViewController.swift in Sources */,
				1D49FFC8296C5CDA009017F3 /* AppDelegate.swift in Sources */,
				1D903A4B29A0FB9E00D368F7 /* URLRequest + Extenstion.swift in Sources */,
				1D903A3A297D73B100D368F7 /* SingleImageViewController.swift in Sources */,
				1D903A45299BC72200D368F7 /* WebViewViewControllerDelegate.swift in Sources */,
				1D903A4F29A100D100D368F7 /* OAuth2TokenStorage.swift in Sources */,
				1D49FFCA296C5CDA009017F3 /* SceneDelegate.swift in Sources */,
				1D903A40299BB23E00D368F7 /* AuthViewController.swift in Sources */,
				1D903A3E299AF4AF00D368F7 /* Constants.swift in Sources */,
			);
			runOnlyForDeploymentPostprocessing = 0;
		};
/* End PBXSourcesBuildPhase section */

/* Begin PBXVariantGroup section */
		1D49FFCD296C5CDA009017F3 /* Main.storyboard */ = {
			isa = PBXVariantGroup;
			children = (
				1D49FFCE296C5CDA009017F3 /* Base */,
			);
			name = Main.storyboard;
			sourceTree = "<group>";
		};
		1D49FFD2296C5CDB009017F3 /* LaunchScreen.storyboard */ = {
			isa = PBXVariantGroup;
			children = (
				1D49FFD3296C5CDB009017F3 /* Base */,
			);
			name = LaunchScreen.storyboard;
			sourceTree = "<group>";
		};
/* End PBXVariantGroup section */

/* Begin XCBuildConfiguration section */
		1D49FFD6296C5CDB009017F3 /* Debug */ = {
			isa = XCBuildConfiguration;
			buildSettings = {
				ALWAYS_SEARCH_USER_PATHS = NO;
				CLANG_ANALYZER_NONNULL = YES;
				CLANG_ANALYZER_NUMBER_OBJECT_CONVERSION = YES_AGGRESSIVE;
				CLANG_CXX_LANGUAGE_STANDARD = "gnu++17";
				CLANG_ENABLE_MODULES = YES;
				CLANG_ENABLE_OBJC_ARC = YES;
				CLANG_ENABLE_OBJC_WEAK = YES;
				CLANG_WARN_BLOCK_CAPTURE_AUTORELEASING = YES;
				CLANG_WARN_BOOL_CONVERSION = YES;
				CLANG_WARN_COMMA = YES;
				CLANG_WARN_CONSTANT_CONVERSION = YES;
				CLANG_WARN_DEPRECATED_OBJC_IMPLEMENTATIONS = YES;
				CLANG_WARN_DIRECT_OBJC_ISA_USAGE = YES_ERROR;
				CLANG_WARN_DOCUMENTATION_COMMENTS = YES;
				CLANG_WARN_EMPTY_BODY = YES;
				CLANG_WARN_ENUM_CONVERSION = YES;
				CLANG_WARN_INFINITE_RECURSION = YES;
				CLANG_WARN_INT_CONVERSION = YES;
				CLANG_WARN_NON_LITERAL_NULL_CONVERSION = YES;
				CLANG_WARN_OBJC_IMPLICIT_RETAIN_SELF = YES;
				CLANG_WARN_OBJC_LITERAL_CONVERSION = YES;
				CLANG_WARN_OBJC_ROOT_CLASS = YES_ERROR;
				CLANG_WARN_QUOTED_INCLUDE_IN_FRAMEWORK_HEADER = YES;
				CLANG_WARN_RANGE_LOOP_ANALYSIS = YES;
				CLANG_WARN_STRICT_PROTOTYPES = YES;
				CLANG_WARN_SUSPICIOUS_MOVE = YES;
				CLANG_WARN_UNGUARDED_AVAILABILITY = YES_AGGRESSIVE;
				CLANG_WARN_UNREACHABLE_CODE = YES;
				CLANG_WARN__DUPLICATE_METHOD_MATCH = YES;
				COPY_PHASE_STRIP = NO;
				DEBUG_INFORMATION_FORMAT = dwarf;
				ENABLE_STRICT_OBJC_MSGSEND = YES;
				ENABLE_TESTABILITY = YES;
				GCC_C_LANGUAGE_STANDARD = gnu11;
				GCC_DYNAMIC_NO_PIC = NO;
				GCC_NO_COMMON_BLOCKS = YES;
				GCC_OPTIMIZATION_LEVEL = 0;
				GCC_PREPROCESSOR_DEFINITIONS = (
					"DEBUG=1",
					"$(inherited)",
				);
				GCC_WARN_64_TO_32_BIT_CONVERSION = YES;
				GCC_WARN_ABOUT_RETURN_TYPE = YES_ERROR;
				GCC_WARN_UNDECLARED_SELECTOR = YES;
				GCC_WARN_UNINITIALIZED_AUTOS = YES_AGGRESSIVE;
				GCC_WARN_UNUSED_FUNCTION = YES;
				GCC_WARN_UNUSED_VARIABLE = YES;
				IPHONEOS_DEPLOYMENT_TARGET = 13.0;
				MTL_ENABLE_DEBUG_INFO = INCLUDE_SOURCE;
				MTL_FAST_MATH = YES;
				ONLY_ACTIVE_ARCH = YES;
				SDKROOT = iphoneos;
				SWIFT_ACTIVE_COMPILATION_CONDITIONS = DEBUG;
				SWIFT_OPTIMIZATION_LEVEL = "-Onone";
			};
			name = Debug;
		};
		1D49FFD7296C5CDB009017F3 /* Release */ = {
			isa = XCBuildConfiguration;
			buildSettings = {
				ALWAYS_SEARCH_USER_PATHS = NO;
				CLANG_ANALYZER_NONNULL = YES;
				CLANG_ANALYZER_NUMBER_OBJECT_CONVERSION = YES_AGGRESSIVE;
				CLANG_CXX_LANGUAGE_STANDARD = "gnu++17";
				CLANG_ENABLE_MODULES = YES;
				CLANG_ENABLE_OBJC_ARC = YES;
				CLANG_ENABLE_OBJC_WEAK = YES;
				CLANG_WARN_BLOCK_CAPTURE_AUTORELEASING = YES;
				CLANG_WARN_BOOL_CONVERSION = YES;
				CLANG_WARN_COMMA = YES;
				CLANG_WARN_CONSTANT_CONVERSION = YES;
				CLANG_WARN_DEPRECATED_OBJC_IMPLEMENTATIONS = YES;
				CLANG_WARN_DIRECT_OBJC_ISA_USAGE = YES_ERROR;
				CLANG_WARN_DOCUMENTATION_COMMENTS = YES;
				CLANG_WARN_EMPTY_BODY = YES;
				CLANG_WARN_ENUM_CONVERSION = YES;
				CLANG_WARN_INFINITE_RECURSION = YES;
				CLANG_WARN_INT_CONVERSION = YES;
				CLANG_WARN_NON_LITERAL_NULL_CONVERSION = YES;
				CLANG_WARN_OBJC_IMPLICIT_RETAIN_SELF = YES;
				CLANG_WARN_OBJC_LITERAL_CONVERSION = YES;
				CLANG_WARN_OBJC_ROOT_CLASS = YES_ERROR;
				CLANG_WARN_QUOTED_INCLUDE_IN_FRAMEWORK_HEADER = YES;
				CLANG_WARN_RANGE_LOOP_ANALYSIS = YES;
				CLANG_WARN_STRICT_PROTOTYPES = YES;
				CLANG_WARN_SUSPICIOUS_MOVE = YES;
				CLANG_WARN_UNGUARDED_AVAILABILITY = YES_AGGRESSIVE;
				CLANG_WARN_UNREACHABLE_CODE = YES;
				CLANG_WARN__DUPLICATE_METHOD_MATCH = YES;
				COPY_PHASE_STRIP = NO;
				DEBUG_INFORMATION_FORMAT = "dwarf-with-dsym";
				ENABLE_NS_ASSERTIONS = NO;
				ENABLE_STRICT_OBJC_MSGSEND = YES;
				GCC_C_LANGUAGE_STANDARD = gnu11;
				GCC_NO_COMMON_BLOCKS = YES;
				GCC_WARN_64_TO_32_BIT_CONVERSION = YES;
				GCC_WARN_ABOUT_RETURN_TYPE = YES_ERROR;
				GCC_WARN_UNDECLARED_SELECTOR = YES;
				GCC_WARN_UNINITIALIZED_AUTOS = YES_AGGRESSIVE;
				GCC_WARN_UNUSED_FUNCTION = YES;
				GCC_WARN_UNUSED_VARIABLE = YES;
				IPHONEOS_DEPLOYMENT_TARGET = 13.0;
				MTL_ENABLE_DEBUG_INFO = NO;
				MTL_FAST_MATH = YES;
				SDKROOT = iphoneos;
				SWIFT_COMPILATION_MODE = wholemodule;
				SWIFT_OPTIMIZATION_LEVEL = "-O";
				VALIDATE_PRODUCT = YES;
			};
			name = Release;
		};
		1D49FFD9296C5CDB009017F3 /* Debug */ = {
			isa = XCBuildConfiguration;
			buildSettings = {
				ASSETCATALOG_COMPILER_APPICON_NAME = AppIcon;
				ASSETCATALOG_COMPILER_GLOBAL_ACCENT_COLOR_NAME = AccentColor;
				CODE_SIGN_STYLE = Automatic;
				CURRENT_PROJECT_VERSION = 1;
				DEVELOPMENT_TEAM = CCJ53Q5CP4;
				GENERATE_INFOPLIST_FILE = YES;
				INFOPLIST_FILE = ImageFeed/Info.plist;
				INFOPLIST_KEY_UIApplicationSupportsIndirectInputEvents = YES;
				INFOPLIST_KEY_UILaunchStoryboardName = LaunchScreen;
				INFOPLIST_KEY_UIMainStoryboardFile = Main;
				INFOPLIST_KEY_UISupportedInterfaceOrientations = UIInterfaceOrientationPortrait;
				INFOPLIST_KEY_UISupportedInterfaceOrientations_iPad = "UIInterfaceOrientationPortrait UIInterfaceOrientationPortraitUpsideDown UIInterfaceOrientationLandscapeLeft UIInterfaceOrientationLandscapeRight";
				INFOPLIST_KEY_UISupportedInterfaceOrientations_iPhone = UIInterfaceOrientationPortrait;
				IPHONEOS_DEPLOYMENT_TARGET = 13.0;
				LD_RUNPATH_SEARCH_PATHS = (
					"$(inherited)",
					"@executable_path/Frameworks",
				);
				MARKETING_VERSION = 1.0;
				PRODUCT_BUNDLE_IDENTIFIER = ru.h3artgg.ImageFeed;
				PRODUCT_NAME = "$(TARGET_NAME)";
				SWIFT_EMIT_LOC_STRINGS = YES;
				SWIFT_VERSION = 5.0;
				TARGETED_DEVICE_FAMILY = 1;
			};
			name = Debug;
		};
		1D49FFDA296C5CDB009017F3 /* Release */ = {
			isa = XCBuildConfiguration;
			buildSettings = {
				ASSETCATALOG_COMPILER_APPICON_NAME = AppIcon;
				ASSETCATALOG_COMPILER_GLOBAL_ACCENT_COLOR_NAME = AccentColor;
				CODE_SIGN_STYLE = Automatic;
				CURRENT_PROJECT_VERSION = 1;
				DEVELOPMENT_TEAM = CCJ53Q5CP4;
				GENERATE_INFOPLIST_FILE = YES;
				INFOPLIST_FILE = ImageFeed/Info.plist;
				INFOPLIST_KEY_UIApplicationSupportsIndirectInputEvents = YES;
				INFOPLIST_KEY_UILaunchStoryboardName = LaunchScreen;
				INFOPLIST_KEY_UIMainStoryboardFile = Main;
				INFOPLIST_KEY_UISupportedInterfaceOrientations = UIInterfaceOrientationPortrait;
				INFOPLIST_KEY_UISupportedInterfaceOrientations_iPad = "UIInterfaceOrientationPortrait UIInterfaceOrientationPortraitUpsideDown UIInterfaceOrientationLandscapeLeft UIInterfaceOrientationLandscapeRight";
				INFOPLIST_KEY_UISupportedInterfaceOrientations_iPhone = UIInterfaceOrientationPortrait;
				IPHONEOS_DEPLOYMENT_TARGET = 13.0;
				LD_RUNPATH_SEARCH_PATHS = (
					"$(inherited)",
					"@executable_path/Frameworks",
				);
				MARKETING_VERSION = 1.0;
				PRODUCT_BUNDLE_IDENTIFIER = ru.h3artgg.ImageFeed;
				PRODUCT_NAME = "$(TARGET_NAME)";
				SWIFT_EMIT_LOC_STRINGS = YES;
				SWIFT_VERSION = 5.0;
				TARGETED_DEVICE_FAMILY = 1;
			};
			name = Release;
		};
/* End XCBuildConfiguration section */

/* Begin XCConfigurationList section */
		1D49FFBF296C5CDA009017F3 /* Build configuration list for PBXProject "ImageFeed" */ = {
			isa = XCConfigurationList;
			buildConfigurations = (
				1D49FFD6296C5CDB009017F3 /* Debug */,
				1D49FFD7296C5CDB009017F3 /* Release */,
			);
			defaultConfigurationIsVisible = 0;
			defaultConfigurationName = Release;
		};
		1D49FFD8296C5CDB009017F3 /* Build configuration list for PBXNativeTarget "ImageFeed" */ = {
			isa = XCConfigurationList;
			buildConfigurations = (
				1D49FFD9296C5CDB009017F3 /* Debug */,
				1D49FFDA296C5CDB009017F3 /* Release */,
			);
			defaultConfigurationIsVisible = 0;
			defaultConfigurationName = Release;
		};
/* End XCConfigurationList section */
	};
	rootObject = 1D49FFBC296C5CDA009017F3 /* Project object */;
}
